// !$*UTF8*$!
{
	archiveVersion = 1;
	classes = {
	};
	objectVersion = 46;
	objects = {

/* Begin PBXBuildFile section */
		7976A42A1B8FF2AD007B1A51 /* MBProgressHUD.m in Sources */ = {isa = PBXBuildFile; fileRef = 7976A4291B8FF2AD007B1A51 /* MBProgressHUD.m */; };
		7976A42D1B8FF330007B1A51 /* UIKitUtiltiy.m in Sources */ = {isa = PBXBuildFile; fileRef = 7976A42C1B8FF330007B1A51 /* UIKitUtiltiy.m */; };
		79ED396F1B8AF5C500D8D0AD /* main.m in Sources */ = {isa = PBXBuildFile; fileRef = 79ED396E1B8AF5C500D8D0AD /* main.m */; };
		79ED39721B8AF5C500D8D0AD /* AppDelegate.m in Sources */ = {isa = PBXBuildFile; fileRef = 79ED39711B8AF5C500D8D0AD /* AppDelegate.m */; };
		79ED39751B8AF5C500D8D0AD /* ViewController.m in Sources */ = {isa = PBXBuildFile; fileRef = 79ED39741B8AF5C500D8D0AD /* ViewController.m */; };
		79ED39781B8AF5C500D8D0AD /* Main.storyboard in Resources */ = {isa = PBXBuildFile; fileRef = 79ED39761B8AF5C500D8D0AD /* Main.storyboard */; };
		79ED397A1B8AF5C500D8D0AD /* Images.xcassets in Resources */ = {isa = PBXBuildFile; fileRef = 79ED39791B8AF5C500D8D0AD /* Images.xcassets */; };
		79ED397D1B8AF5C500D8D0AD /* LaunchScreen.xib in Resources */ = {isa = PBXBuildFile; fileRef = 79ED397B1B8AF5C500D8D0AD /* LaunchScreen.xib */; };
		79ED39891B8AF5C600D8D0AD /* _3____________Tests.m in Sources */ = {isa = PBXBuildFile; fileRef = 79ED39881B8AF5C600D8D0AD /* _3____________Tests.m */; };
/* End PBXBuildFile section */

/* Begin PBXContainerItemProxy section */
		79ED39831B8AF5C600D8D0AD /* PBXContainerItemProxy */ = {
			isa = PBXContainerItemProxy;
			containerPortal = 79ED39611B8AF5C500D8D0AD /* Project object */;
			proxyType = 1;
			remoteGlobalIDString = 79ED39681B8AF5C500D8D0AD;
			remoteInfo = "03-异步下载---带有进度";
		};
/* End PBXContainerItemProxy section */

/* Begin PBXFileReference section */
		7976A4281B8FF2AD007B1A51 /* MBProgressHUD.h */ = {isa = PBXFileReference; fileEncoding = 4; lastKnownFileType = sourcecode.c.h; path = MBProgressHUD.h; sourceTree = "<group>"; };
		7976A4291B8FF2AD007B1A51 /* MBProgressHUD.m */ = {isa = PBXFileReference; fileEncoding = 4; lastKnownFileType = sourcecode.c.objc; path = MBProgressHUD.m; sourceTree = "<group>"; };
		7976A42B1B8FF330007B1A51 /* UIKitUtiltiy.h */ = {isa = PBXFileReference; fileEncoding = 4; lastKnownFileType = sourcecode.c.h; path = UIKitUtiltiy.h; sourceTree = "<group>"; };
		7976A42C1B8FF330007B1A51 /* UIKitUtiltiy.m */ = {isa = PBXFileReference; fileEncoding = 4; lastKnownFileType = sourcecode.c.objc; path = UIKitUtiltiy.m; sourceTree = "<group>"; };
		79ED39691B8AF5C500D8D0AD /* 03-异步下载---带有进度.app */ = {isa = PBXFileReference; explicitFileType = wrapper.application; includeInIndex = 0; path = "03-异步下载---带有进度.app"; sourceTree = BUILT_PRODUCTS_DIR; };
		79ED396D1B8AF5C500D8D0AD /* Info.plist */ = {isa = PBXFileReference; lastKnownFileType = text.plist.xml; path = Info.plist; sourceTree = "<group>"; };
		79ED396E1B8AF5C500D8D0AD /* main.m */ = {isa = PBXFileReference; lastKnownFileType = sourcecode.c.objc; path = main.m; sourceTree = "<group>"; };
		79ED39701B8AF5C500D8D0AD /* AppDelegate.h */ = {isa = PBXFileReference; lastKnownFileType = sourcecode.c.h; path = AppDelegate.h; sourceTree = "<group>"; };
		79ED39711B8AF5C500D8D0AD /* AppDelegate.m */ = {isa = PBXFileReference; lastKnownFileType = sourcecode.c.objc; path = AppDelegate.m; sourceTree = "<group>"; };
		79ED39731B8AF5C500D8D0AD /* ViewController.h */ = {isa = PBXFileReference; lastKnownFileType = sourcecode.c.h; path = ViewController.h; sourceTree = "<group>"; };
		79ED39741B8AF5C500D8D0AD /* ViewController.m */ = {isa = PBXFileReference; lastKnownFileType = sourcecode.c.objc; path = ViewController.m; sourceTree = "<group>"; };
		79ED39771B8AF5C500D8D0AD /* Base */ = {isa = PBXFileReference; lastKnownFileType = file.storyboard; name = Base; path = Base.lproj/Main.storyboard; sourceTree = "<group>"; };
		79ED39791B8AF5C500D8D0AD /* Images.xcassets */ = {isa = PBXFileReference; lastKnownFileType = folder.assetcatalog; path = Images.xcassets; sourceTree = "<group>"; };
		79ED397C1B8AF5C500D8D0AD /* Base */ = {isa = PBXFileReference; lastKnownFileType = file.xib; name = Base; path = Base.lproj/LaunchScreen.xib; sourceTree = "<group>"; };
		79ED39821B8AF5C600D8D0AD /* 03-异步下载---带有进度Tests.xctest */ = {isa = PBXFileReference; explicitFileType = wrapper.cfbundle; includeInIndex = 0; path = "03-异步下载---带有进度Tests.xctest"; sourceTree = BUILT_PRODUCTS_DIR; };
		79ED39871B8AF5C600D8D0AD /* Info.plist */ = {isa = PBXFileReference; lastKnownFileType = text.plist.xml; path = Info.plist; sourceTree = "<group>"; };
		79ED39881B8AF5C600D8D0AD /* _3____________Tests.m */ = {isa = PBXFileReference; lastKnownFileType = sourcecode.c.objc; path = "_3____________Tests.m"; sourceTree = "<group>"; };
		79ED39921B8B09BA00D8D0AD /* URL.h */ = {isa = PBXFileReference; lastKnownFileType = sourcecode.c.h; path = URL.h; sourceTree = "<group>"; };
/* End PBXFileReference section */

/* Begin PBXFrameworksBuildPhase section */
		79ED39661B8AF5C500D8D0AD /* Frameworks */ = {
			isa = PBXFrameworksBuildPhase;
			buildActionMask = 2147483647;
			files = (
			);
			runOnlyForDeploymentPostprocessing = 0;
		};
		79ED397F1B8AF5C600D8D0AD /* Frameworks */ = {
			isa = PBXFrameworksBuildPhase;
			buildActionMask = 2147483647;
			files = (
			);
			runOnlyForDeploymentPostprocessing = 0;
		};
/* End PBXFrameworksBuildPhase section */

/* Begin PBXGroup section */
		7976A4271B8FF2AD007B1A51 /* MBProgressHUD */ = {
			isa = PBXGroup;
			children = (
				7976A4281B8FF2AD007B1A51 /* MBProgressHUD.h */,
				7976A4291B8FF2AD007B1A51 /* MBProgressHUD.m */,
			);
			name = MBProgressHUD;
			path = ../MBProgressHUD;
			sourceTree = "<group>";
		};
		79ED39601B8AF5C500D8D0AD = {
			isa = PBXGroup;
			children = (
				79ED396B1B8AF5C500D8D0AD /* 03-异步下载---带有进度 */,
				79ED39851B8AF5C600D8D0AD /* 03-异步下载---带有进度Tests */,
				79ED396A1B8AF5C500D8D0AD /* Products */,
			);
			sourceTree = "<group>";
		};
		79ED396A1B8AF5C500D8D0AD /* Products */ = {
			isa = PBXGroup;
			children = (
				79ED39691B8AF5C500D8D0AD /* 03-异步下载---带有进度.app */,
				79ED39821B8AF5C600D8D0AD /* 03-异步下载---带有进度Tests.xctest */,
			);
			name = Products;
			sourceTree = "<group>";
		};
		79ED396B1B8AF5C500D8D0AD /* 03-异步下载---带有进度 */ = {
			isa = PBXGroup;
			children = (
				7976A4271B8FF2AD007B1A51 /* MBProgressHUD */,
				7976A42B1B8FF330007B1A51 /* UIKitUtiltiy.h */,
				7976A42C1B8FF330007B1A51 /* UIKitUtiltiy.m */,
				79ED39701B8AF5C500D8D0AD /* AppDelegate.h */,
				79ED39711B8AF5C500D8D0AD /* AppDelegate.m */,
				79ED39731B8AF5C500D8D0AD /* ViewController.h */,
				79ED39741B8AF5C500D8D0AD /* ViewController.m */,
				79ED39761B8AF5C500D8D0AD /* Main.storyboard */,
				79ED39791B8AF5C500D8D0AD /* Images.xcassets */,
				79ED397B1B8AF5C500D8D0AD /* LaunchScreen.xib */,
				79ED396C1B8AF5C500D8D0AD /* Supporting Files */,
				79ED39921B8B09BA00D8D0AD /* URL.h */,
			);
			path = "03-异步下载---带有进度";
			sourceTree = "<group>";
		};
		79ED396C1B8AF5C500D8D0AD /* Supporting Files */ = {
			isa = PBXGroup;
			children = (
				79ED396D1B8AF5C500D8D0AD /* Info.plist */,
				79ED396E1B8AF5C500D8D0AD /* main.m */,
			);
			name = "Supporting Files";
			sourceTree = "<group>";
		};
		79ED39851B8AF5C600D8D0AD /* 03-异步下载---带有进度Tests */ = {
			isa = PBXGroup;
			children = (
				79ED39881B8AF5C600D8D0AD /* _3____________Tests.m */,
				79ED39861B8AF5C600D8D0AD /* Supporting Files */,
			);
			path = "03-异步下载---带有进度Tests";
			sourceTree = "<group>";
		};
		79ED39861B8AF5C600D8D0AD /* Supporting Files */ = {
			isa = PBXGroup;
			children = (
				79ED39871B8AF5C600D8D0AD /* Info.plist */,
			);
			name = "Supporting Files";
			sourceTree = "<group>";
		};
/* End PBXGroup section */

/* Begin PBXNativeTarget section */
		79ED39681B8AF5C500D8D0AD /* 03-异步下载---带有进度 */ = {
			isa = PBXNativeTarget;
			buildConfigurationList = 79ED398C1B8AF5C600D8D0AD /* Build configuration list for PBXNativeTarget "03-异步下载---带有进度" */;
			buildPhases = (
				79ED39651B8AF5C500D8D0AD /* Sources */,
				79ED39661B8AF5C500D8D0AD /* Frameworks */,
				79ED39671B8AF5C500D8D0AD /* Resources */,
			);
			buildRules = (
			);
			dependencies = (
			);
			name = "03-异步下载---带有进度";
			productName = "03-异步下载---带有进度";
			productReference = 79ED39691B8AF5C500D8D0AD /* 03-异步下载---带有进度.app */;
			productType = "com.apple.product-type.application";
		};
		79ED39811B8AF5C600D8D0AD /* 03-异步下载---带有进度Tests */ = {
			isa = PBXNativeTarget;
			buildConfigurationList = 79ED398F1B8AF5C600D8D0AD /* Build configuration list for PBXNativeTarget "03-异步下载---带有进度Tests" */;
			buildPhases = (
				79ED397E1B8AF5C600D8D0AD /* Sources */,
				79ED397F1B8AF5C600D8D0AD /* Frameworks */,
				79ED39801B8AF5C600D8D0AD /* Resources */,
			);
			buildRules = (
			);
			dependencies = (
				79ED39841B8AF5C600D8D0AD /* PBXTargetDependency */,
			);
			name = "03-异步下载---带有进度Tests";
			productName = "03-异步下载---带有进度Tests";
			productReference = 79ED39821B8AF5C600D8D0AD /* 03-异步下载---带有进度Tests.xctest */;
			productType = "com.apple.product-type.bundle.unit-test";
		};
/* End PBXNativeTarget section */

/* Begin PBXProject section */
		79ED39611B8AF5C500D8D0AD /* Project object */ = {
			isa = PBXProject;
			attributes = {
				LastUpgradeCheck = 0640;
				ORGANIZATIONNAME = vera;
				TargetAttributes = {
					79ED39681B8AF5C500D8D0AD = {
						CreatedOnToolsVersion = 6.4;
					};
					79ED39811B8AF5C600D8D0AD = {
						CreatedOnToolsVersion = 6.4;
						TestTargetID = 79ED39681B8AF5C500D8D0AD;
					};
				};
			};
			buildConfigurationList = 79ED39641B8AF5C500D8D0AD /* Build configuration list for PBXProject "03-异步下载---带有进度" */;
			compatibilityVersion = "Xcode 3.2";
			developmentRegion = English;
			hasScannedForEncodings = 0;
			knownRegions = (
				en,
				Base,
			);
			mainGroup = 79ED39601B8AF5C500D8D0AD;
			productRefGroup = 79ED396A1B8AF5C500D8D0AD /* Products */;
			projectDirPath = "";
			projectRoot = "";
			targets = (
				79ED39681B8AF5C500D8D0AD /* 03-异步下载---带有进度 */,
				79ED39811B8AF5C600D8D0AD /* 03-异步下载---带有进度Tests */,
			);
		};
/* End PBXProject section */

/* Begin PBXResourcesBuildPhase section */
		79ED39671B8AF5C500D8D0AD /* Resources */ = {
			isa = PBXResourcesBuildPhase;
			buildActionMask = 2147483647;
			files = (
				79ED39781B8AF5C500D8D0AD /* Main.storyboard in Resources */,
				79ED397D1B8AF5C500D8D0AD /* LaunchScreen.xib in Resources */,
				79ED397A1B8AF5C500D8D0AD /* Images.xcassets in Resources */,
			);
			runOnlyForDeploymentPostprocessing = 0;
		};
		79ED39801B8AF5C600D8D0AD /* Resources */ = {
			isa = PBXResourcesBuildPhase;
			buildActionMask = 2147483647;
			files = (
			);
			runOnlyForDeploymentPostprocessing = 0;
		};
/* End PBXResourcesBuildPhase section */

/* Begin PBXSourcesBuildPhase section */
		79ED39651B8AF5C500D8D0AD /* Sources */ = {
			isa = PBXSourcesBuildPhase;
			buildActionMask = 2147483647;
			files = (
				79ED39751B8AF5C500D8D0AD /* ViewController.m in Sources */,
				79ED39721B8AF5C500D8D0AD /* AppDelegate.m in Sources */,
				7976A42D1B8FF330007B1A51 /* UIKitUtiltiy.m in Sources */,
				79ED396F1B8AF5C500D8D0AD /* main.m in Sources */,
				7976A42A1B8FF2AD007B1A51 /* MBProgressHUD.m in Sources */,
			);
			runOnlyForDeploymentPostprocessing = 0;
		};
		79ED397E1B8AF5C600D8D0AD /* Sources */ = {
			isa = PBXSourcesBuildPhase;
			buildActionMask = 2147483647;
			files = (
				79ED39891B8AF5C600D8D0AD /* _3____________Tests.m in Sources */,
			);
			runOnlyForDeploymentPostprocessing = 0;
		};
/* End PBXSourcesBuildPhase section */

/* Begin PBXTargetDependency section */
		79ED39841B8AF5C600D8D0AD /* PBXTargetDependency */ = {
			isa = PBXTargetDependency;
			target = 79ED39681B8AF5C500D8D0AD /* 03-异步下载---带有进度 */;
			targetProxy = 79ED39831B8AF5C600D8D0AD /* PBXContainerItemProxy */;
		};
/* End PBXTargetDependency section */

/* Begin PBXVariantGroup section */
		79ED39761B8AF5C500D8D0AD /* Main.storyboard */ = {
			isa = PBXVariantGroup;
			children = (
				79ED39771B8AF5C500D8D0AD /* Base */,
			);
			name = Main.storyboard;
			sourceTree = "<group>";
		};
		79ED397B1B8AF5C500D8D0AD /* LaunchScreen.xib */ = {
			isa = PBXVariantGroup;
			children = (
				79ED397C1B8AF5C500D8D0AD /* Base */,
			);
			name = LaunchScreen.xib;
			sourceTree = "<group>";
		};
/* End PBXVariantGroup section */

/* Begin XCBuildConfiguration section */
		79ED398A1B8AF5C600D8D0AD /* Debug */ = {
			isa = XCBuildConfiguration;
			buildSettings = {
				ALWAYS_SEARCH_USER_PATHS = NO;
				CLANG_CXX_LANGUAGE_STANDARD = "gnu++0x";
				CLANG_CXX_LIBRARY = "libc++";
				CLANG_ENABLE_MODULES = YES;
				CLANG_ENABLE_OBJC_ARC = YES;
				CLANG_WARN_BOOL_CONVERSION = YES;
				CLANG_WARN_CONSTANT_CONVERSION = YES;
				CLANG_WARN_DIRECT_OBJC_ISA_USAGE = YES_ERROR;
				CLANG_WARN_EMPTY_BODY = YES;
				CLANG_WARN_ENUM_CONVERSION = YES;
				CLANG_WARN_INT_CONVERSION = YES;
				CLANG_WARN_OBJC_ROOT_CLASS = YES_ERROR;
				CLANG_WARN_UNREACHABLE_CODE = YES;
				CLANG_WARN__DUPLICATE_METHOD_MATCH = YES;
				"CODE_SIGN_IDENTITY[sdk=iphoneos*]" = "iPhone Developer";
				COPY_PHASE_STRIP = NO;
				DEBUG_INFORMATION_FORMAT = "dwarf-with-dsym";
				ENABLE_STRICT_OBJC_MSGSEND = YES;
				GCC_C_LANGUAGE_STANDARD = gnu99;
				GCC_DYNAMIC_NO_PIC = NO;
				GCC_NO_COMMON_BLOCKS = YES;
				GCC_OPTIMIZATION_LEVEL = 0;
				GCC_PREPROCESSOR_DEFINITIONS = (
					"DEBUG=1",
					"$(inherited)",
				);
				GCC_SYMBOLS_PRIVATE_EXTERN = NO;
				GCC_WARN_64_TO_32_BIT_CONVERSION = YES;
				GCC_WARN_ABOUT_RETURN_TYPE = YES_ERROR;
				GCC_WARN_UNDECLARED_SELECTOR = YES;
				GCC_WARN_UNINITIALIZED_AUTOS = YES_AGGRESSIVE;
				GCC_WARN_UNUSED_FUNCTION = YES;
				GCC_WARN_UNUSED_VARIABLE = YES;
				IPHONEOS_DEPLOYMENT_TARGET = 8.4;
				MTL_ENABLE_DEBUG_INFO = YES;
				ONLY_ACTIVE_ARCH = YES;
				SDKROOT = iphoneos;
			};
			name = Debug;
		};
		79ED398B1B8AF5C600D8D0AD /* Release */ = {
			isa = XCBuildConfiguration;
			buildSettings = {
				ALWAYS_SEARCH_USER_PATHS = NO;
				CLANG_CXX_LANGUAGE_STANDARD = "gnu++0x";
				CLANG_CXX_LIBRARY = "libc++";
				CLANG_ENABLE_MODULES = YES;
				CLANG_ENABLE_OBJC_ARC = YES;
				CLANG_WARN_BOOL_CONVERSION = YES;
				CLANG_WARN_CONSTANT_CONVERSION = YES;
				CLANG_WARN_DIRECT_OBJC_ISA_USAGE = YES_ERROR;
				CLANG_WARN_EMPTY_BODY = YES;
				CLANG_WARN_ENUM_CONVERSION = YES;
				CLANG_WARN_INT_CONVERSION = YES;
				CLANG_WARN_OBJC_ROOT_CLASS = YES_ERROR;
				CLANG_WARN_UNREACHABLE_CODE = YES;
				CLANG_WARN__DUPLICATE_METHOD_MATCH = YES;
				"CODE_SIGN_IDENTITY[sdk=iphoneos*]" = "iPhone Developer";
				COPY_PHASE_STRIP = NO;
				DEBUG_INFORMATION_FORMAT = "dwarf-with-dsym";
				ENABLE_NS_ASSERTIONS = NO;
				ENABLE_STRICT_OBJC_MSGSEND = YES;
				GCC_C_LANGUAGE_STANDARD = gnu99;
				GCC_NO_COMMON_BLOCKS = YES;
				GCC_WARN_64_TO_32_BIT_CONVERSION = YES;
				GCC_WARN_ABOUT_RETURN_TYPE = YES_ERROR;
				GCC_WARN_UNDECLARED_SELECTOR = YES;
				GCC_WARN_UNINITIALIZED_AUTOS = YES_AGGRESSIVE;
				GCC_WARN_UNUSED_FUNCTION = YES;
				GCC_WARN_UNUSED_VARIABLE = YES;
				IPHONEOS_DEPLOYMENT_TARGET = 8.4;
				MTL_ENABLE_DEBUG_INFO = NO;
				SDKROOT = iphoneos;
				VALIDATE_PRODUCT = YES;
			};
			name = Release;
		};
		79ED398D1B8AF5C600D8D0AD /* Debug */ = {
			isa = XCBuildConfiguration;
			buildSettings = {
				ASSETCATALOG_COMPILER_APPICON_NAME = AppIcon;
				INFOPLIST_FILE = "03-异步下载---带有进度/Info.plist";
				IPHONEOS_DEPLOYMENT_TARGET = 8.3;
				LD_RUNPATH_SEARCH_PATHS = "$(inherited) @executable_path/Frameworks";
				PRODUCT_NAME = "$(TARGET_NAME)";
			};
			name = Debug;
		};
		79ED398E1B8AF5C600D8D0AD /* Release */ = {
			isa = XCBuildConfiguration;
			buildSettings = {
				ASSETCATALOG_COMPILER_APPICON_NAME = AppIcon;
				INFOPLIST_FILE = "03-异步下载---带有进度/Info.plist";
				IPHONEOS_DEPLOYMENT_TARGET = 8.3;
				LD_RUNPATH_SEARCH_PATHS = "$(inherited) @executable_path/Frameworks";
				PRODUCT_NAME = "$(TARGET_NAME)";
			};
			name = Release;
		};
		79ED39901B8AF5C600D8D0AD /* Debug */ = {
			isa = XCBuildConfiguration;
			buildSettings = {
				BUNDLE_LOADER = "$(TEST_HOST)";
				FRAMEWORK_SEARCH_PATHS = (
					"$(SDKROOT)/Developer/Library/Frameworks",
					"$(inherited)",
				);
				GCC_PREPROCESSOR_DEFINITIONS = (
					"DEBUG=1",
					"$(inherited)",
				);
				INFOPLIST_FILE = "03-异步下载---带有进度Tests/Info.plist";
				LD_RUNPATH_SEARCH_PATHS = "$(inherited) @executable_path/Frameworks @loader_path/Frameworks";
				PRODUCT_NAME = "$(TARGET_NAME)";
				TEST_HOST = "$(BUILT_PRODUCTS_DIR)/03-异步下载---带有进度.app/03-异步下载---带有进度";
			};
			name = Debug;
		};
		79ED39911B8AF5C600D8D0AD /* Release */ = {
			isa = XCBuildConfiguration;
			buildSettings = {
				BUNDLE_LOADER = "$(TEST_HOST)";
				FRAMEWORK_SEARCH_PATHS = (
					"$(SDKROOT)/Developer/Library/Frameworks",
					"$(inherited)",
				);
				INFOPLIST_FILE = "03-异步下载---带有进度Tests/Info.plist";
				LD_RUNPATH_SEARCH_PATHS = "$(inherited) @executable_path/Frameworks @loader_path/Frameworks";
				PRODUCT_NAME = "$(TARGET_NAME)";
				TEST_HOST = "$(BUILT_PRODUCTS_DIR)/03-异步下载---带有进度.app/03-异步下载---带有进度";
			};
			name = Release;
		};
/* End XCBuildConfiguration section */

/* Begin XCConfigurationList section */
		79ED39641B8AF5C500D8D0AD /* Build configuration list for PBXProject "03-异步下载---带有进度" */ = {
			isa = XCConfigurationList;
			buildConfigurations = (
				79ED398A1B8AF5C600D8D0AD /* Debug */,
				79ED398B1B8AF5C600D8D0AD /* Release */,
			);
			defaultConfigurationIsVisible = 0;
			defaultConfigurationName = Release;
		};
		79ED398C1B8AF5C600D8D0AD /* Build configuration list for PBXNativeTarget "03-异步下载---带有进度" */ = {
			isa = XCConfigurationList;
			buildConfigurations = (
				79ED398D1B8AF5C600D8D0AD /* Debug */,
				79ED398E1B8AF5C600D8D0AD /* Release */,
			);
			defaultConfigurationIsVisible = 0;
			defaultConfigurationName = Release;
		};
		79ED398F1B8AF5C600D8D0AD /* Build configuration list for PBXNativeTarget "03-异步下载---带有进度Tests" */ = {
			isa = XCConfigurationList;
			buildConfigurations = (
				79ED39901B8AF5C600D8D0AD /* Debug */,
				79ED39911B8AF5C600D8D0AD /* Release */,
			);
			defaultConfigurationIsVisible = 0;
			defaultConfigurationName = Release;
		};
/* End XCConfigurationList section */
	};
	rootObject = 79ED39611B8AF5C500D8D0AD /* Project object */;
}
